github.com/ChimeraCoder/anaconda v2.0.0+incompatible h1:F0eD7CHXieZ+VLboCD5UAqCeAzJZxcr90zSCcuJopJs=
github.com/ChimeraCoder/anaconda v2.0.0+incompatible/go.mod h1:TCt3MijIq3Qqo9SBtuW/rrM4x7rDfWqYWHj8T7hLcLg=
github.com/ChimeraCoder/tokenbucket v0.0.0-20131201223612-c5a927568de7 h1:r+EmXjfPosKO4wfiMLe1XQictsIlhErTufbWUsjOTZs=
github.com/ChimeraCoder/tokenbucket v0.0.0-20131201223612-c5a927568de7/go.mod h1:b2EuEMLSG9q3bZ95ql1+8oVqzzrTNSiOQqSXWFBzxeI=
github.com/aatomu/atomicgo v1.0.1-0.20231103143434-defed425c784 h1:xofL058RNRryV9RgwT3YBmtedJRa3IQrADemJ7FaxlM=
github.com/aatomu/atomicgo v1.0.1-0.20231103143434-defed425c784/go.mod h1:1B5llhTi34KrNWQBRa2VwaPUPFoBGa8DF+dCCP30Qf4=
github.com/aatomu/atomicgo v1.0.1-0.20231103150505-81252ace9eec h1:ql62VO8rmAWwaco7WS3tMj6alVSkmu3Z3IdgjO+Fv6Q=
github.com/aatomu/atomicgo v1.0.1-0.20231103150505-81252ace9eec/go.mod h1:1B5llhTi34KrNWQBRa2VwaPUPFoBGa8DF+dCCP30Qf4=
github.com/aatomu/atomicgo v1.0.1-0.20231103151044-91f0592312ff h1:S6El61bpi8sDDk79REjlqu6vpoBDMpJBBAlswmbNn/8=
github.com/aatomu/atomicgo v1.0.1-0.20231103151044-91f0592312ff/go.mod h1:1B5llhTi34KrNWQBRa2VwaPUPFoBGa8DF+dCCP30Qf4=
github.com/aatomu/atomicgo v1.0.1-0.20231103181620-7672796349df h1:bkybwfAyV2/iGpHf1dbBjOb1aryGfkwXN2kyvfj/Xpc=
github.com/aatomu/atomicgo v1.0.1-0.20231103181620-7672796349df/go.mod h1:1B5llhTi34KrNWQBRa2VwaPUPFoBGa8DF+dCCP30Qf4=
github.com/azr/backoff v0.0.0-20160115115103-53511d3c7330 h1:ekDALXAVvY/Ub1UtNta3inKQwZ/jMB/zpOtD8rAYh78=
github.com/azr/backoff v0.0.0-20160115115103-53511d3c7330/go.mod h1:nH+k0SvAt3HeiYyOlJpLLv1HG1p7KWP7qU9QPp2/pCo=
github.com/dustin/go-jsonpointer v0.0.0-20160814072949-ba0abeacc3dc h1:tP7tkU+vIsEOKiK+l/NSLN4uUtkyuxc6hgYpQeCWAeI=
github.com/dustin/go-jsonpointer v0.0.0-20160814072949-ba0abeacc3dc/go.mod h1:ORH5Qp2bskd9NzSfKqAF7tKfONsEkCarTE5ESr/RVBw=
github.com/dustin/gojson v0.0.0-20160307161227-2e71ec9dd5ad h1:Qk76DOWdOp+GlyDKBAG3Klr9cn7N+LcYc82AZ2S7+cA=
github.com/dustin/gojson v0.0.0-20160307161227-2e71ec9dd5ad/go.mod h1:mPKfmRa823oBIgl2r20LeMSpTAteW5j7FLkc0vjmzyQ=
github.com/garyburd/go-oauth v0.0.0-20180319155456-bca2e7f09a17 h1:GOfMz6cRgTJ9jWV0qAezv642OhPnKEG7gtUjJSdStHE=
github.com/garyburd/go-oauth v0.0.0-20180319155456-bca2e7f09a17/go.mod h1:HfkOCN6fkKKaPSAeNq/er3xObxTW4VLeY6UUK895gLQ=
golang.org/x/net v0.14.0 h1:BONx9s002vGdD9umnlX1Po8vOZmrgH34qlHcD1MfK14=
golang.org/x/net v0.14.0/go.mod h1:PpSgVXXLK0OxS0F31C1/tv6XNguvCrnXIDrFMspZIUI=
